<?xml version="1.0" encoding="utf-8"?>
<Project ToolsVersion="4.0" xmlns="http://schemas.microsoft.com/developer/msbuild/2003">
  <ItemGroup>
    <Filter Include="Source Files">
      <UniqueIdentifier>{4FC737F1-C7A5-4376-A066-2A32D752A2FF}</UniqueIdentifier>
      <Extensions>cpp;c;cc;cxx;c++;cppm;ixx;def;odl;idl;hpj;bat;asm;asmx</Extensions>
    </Filter>
    <Filter Include="Header Files">
      <UniqueIdentifier>{93995380-89BD-4b04-88EB-625FBE52EBFB}</UniqueIdentifier>
      <Extensions>h;hh;hpp;hxx;h++;hm;inl;inc;ipp;xsd</Extensions>
    </Filter>
    <Filter Include="Resource Files">
      <UniqueIdentifier>{67DA6AB6-F800-4c08-8B7A-83BB121AAD01}</UniqueIdentifier>
      <Extensions>rc;ico;cur;bmp;dlg;rc2;rct;bin;rgs;gif;jpg;jpeg;jpe;resx;tiff;tif;png;wav;mfcribbon-ms</Extensions>
    </Filter>
    <Filter Include="FX">
      <UniqueIdentifier>{2fb61d70-adc5-448f-be97-94741673b662}</UniqueIdentifier>
    </Filter>
    <Filter Include="Textures">
      <UniqueIdentifier>{1835a9a0-227b-4cc6-8efa-700a01b792e8}</UniqueIdentifier>
    </Filter>
    <Filter Include="Header Files\ModelLoader">
      <UniqueIdentifier>{5152884b-1d49-4ba7-bca0-281107ca316b}</UniqueIdentifier>
    </Filter>
    <Filter Include="Source Files\ModelLoader">
      <UniqueIdentifier>{63a358a0-7ebd-41b5-8458-686e5cf8b8a4}</UniqueIdentifier>
    </Filter>
  </ItemGroup>
  <ItemGroup>
    <ClInclude Include="framework.h">
      <Filter>Header Files</Filter>
    </ClInclude>
    <ClInclude Include="targetver.h">
      <Filter>Header Files</Filter>
    </ClInclude>
    <ClInclude Include="Resource.h">
      <Filter>Header Files</Filter>
    </ClInclude>
    <ClInclude Include="D3DApp.h">
      <Filter>Header Files</Filter>
    </ClInclude>
    <ClInclude Include="D3DUtil.h">
      <Filter>Header Files</Filter>
    </ClInclude>
    <ClInclude Include="GameTimer.h">
      <Filter>Header Files</Filter>
    </ClInclude>
    <ClInclude Include="MathHelper.h">
      <Filter>Header Files</Filter>
    </ClInclude>
    <ClInclude Include="BoxApplication.h">
      <Filter>Header Files</Filter>
    </ClInclude>
    <ClInclude Include="GeometryGenerator.h">
      <Filter>Header Files</Filter>
    </ClInclude>
    <ClInclude Include="HillApplication.h">
      <Filter>Header Files</Filter>
    </ClInclude>
    <ClInclude Include="CylinderApplication.h">
      <Filter>Header Files</Filter>
    </ClInclude>
    <ClInclude Include="SphereApplication.h">
      <Filter>Header Files</Filter>
    </ClInclude>
    <ClInclude Include="ShapesApplication.h">
      <Filter>Header Files</Filter>
    </ClInclude>
    <ClInclude Include="HeartPlaneApplication.h">
      <Filter>Header Files</Filter>
    </ClInclude>
    <ClInclude Include="WaveApplication.h">
      <Filter>Header Files</Filter>
    </ClInclude>
    <ClInclude Include="Waves.h">
      <Filter>Header Files</Filter>
    </ClInclude>
    <ClInclude Include="LitApplication.h">
      <Filter>Header Files</Filter>
    </ClInclude>
    <ClInclude Include="DirectX11Application.h">
      <Filter>Header Files</Filter>
    </ClInclude>
    <ClInclude Include="LightHelper.h">
      <Filter>Header Files</Filter>
    </ClInclude>
    <ClInclude Include="Camera.h">
      <Filter>Header Files</Filter>
    </ClInclude>
    <ClInclude Include="CrateApplication.h">
      <Filter>Header Files</Filter>
    </ClInclude>
    <ClInclude Include="BlendingApplication.h">
      <Filter>Header Files</Filter>
    </ClInclude>
    <ClInclude Include="RenderStates.h">
      <Filter>Header Files</Filter>
    </ClInclude>
    <ClInclude Include="MirrorApplication.h">
      <Filter>Header Files</Filter>
    </ClInclude>
    <ClInclude Include="BillboardApplication.h">
      <Filter>Header Files</Filter>
    </ClInclude>
    <ClInclude Include="BlurApplication.h">
      <Filter>Header Files</Filter>
    </ClInclude>
    <ClInclude Include="BlurFilter.h">
      <Filter>Header Files</Filter>
    </ClInclude>
    <ClInclude Include="TessellationApplication.h">
      <Filter>Header Files</Filter>
    </ClInclude>
    <ClInclude Include="BezierApplication.h">
      <Filter>Header Files</Filter>
    </ClInclude>
    <ClInclude Include="InstancingAndCullingApplication.h">
      <Filter>Header Files</Filter>
    </ClInclude>
    <ClInclude Include="PickingApplication.h">
      <Filter>Header Files</Filter>
    </ClInclude>
    <ClInclude Include="CubeMapApplication.h">
      <Filter>Header Files</Filter>
    </ClInclude>
    <ClInclude Include="Sky.h">
      <Filter>Header Files</Filter>
    </ClInclude>
    <ClInclude Include="DynamicCubeMapApplication.h">
      <Filter>Header Files</Filter>
    </ClInclude>
    <ClInclude Include="NormalMappingApplication.h">
      <Filter>Header Files</Filter>
    </ClInclude>
    <ClInclude Include="Terrain.h">
      <Filter>Header Files</Filter>
    </ClInclude>
    <ClInclude Include="TerrainApplication.h">
      <Filter>Header Files</Filter>
    </ClInclude>
    <ClInclude Include="BitmapBuilder.h">
      <Filter>Header Files</Filter>
    </ClInclude>
    <ClInclude Include="ParticleSystem.h">
      <Filter>Header Files</Filter>
    </ClInclude>
    <ClInclude Include="ParticleApplication.h">
      <Filter>Header Files</Filter>
    </ClInclude>
    <ClInclude Include="ShadowMap.h">
      <Filter>Header Files</Filter>
    </ClInclude>
    <ClInclude Include="ShadowMapApplication.h">
      <Filter>Header Files</Filter>
    </ClInclude>
    <ClInclude Include="ConstantBuffer.h">
      <Filter>Header Files\ModelLoader</Filter>
    </ClInclude>
    <ClInclude Include="ConstantBufferTypes.h">
      <Filter>Header Files\ModelLoader</Filter>
    </ClInclude>
    <ClInclude Include="Mesh.h">
      <Filter>Header Files\ModelLoader</Filter>
    </ClInclude>
    <ClInclude Include="Model.h">
      <Filter>Header Files\ModelLoader</Filter>
    </ClInclude>
    <ClInclude Include="IndexBuffer.h">
      <Filter>Header Files\ModelLoader</Filter>
    </ClInclude>
    <ClInclude Include="VertexBuffer.h">
      <Filter>Header Files\ModelLoader</Filter>
    </ClInclude>
    <ClInclude Include="ModelLoaderApplication.h">
      <Filter>Header Files</Filter>
    </ClInclude>
    <ClInclude Include="GameObject.h">
      <Filter>Header Files</Filter>
    </ClInclude>
    <ClInclude Include="Texture.h">
      <Filter>Header Files</Filter>
    </ClInclude>
    <ClInclude Include="ColorHelper.h">
      <Filter>Header Files</Filter>
    </ClInclude>
    <ClInclude Include="StringHelper.h">
      <Filter>Header Files</Filter>
    </ClInclude>
    <ClInclude Include="AmbientOcclusionApplication.h">
      <Filter>Header Files</Filter>
    </ClInclude>
  </ItemGroup>
  <ItemGroup>
    <ClCompile Include="DirectX11-DXUT.cpp">
      <Filter>Source Files</Filter>
    </ClCompile>
    <ClCompile Include="D3DApp.cpp">
      <Filter>Source Files</Filter>
    </ClCompile>
    <ClCompile Include="GameTimer.cpp">
      <Filter>Source Files</Filter>
    </ClCompile>
    <ClCompile Include="DirectX11Application.cpp">
      <Filter>Source Files</Filter>
    </ClCompile>
    <ClCompile Include="MathHelper.cpp">
      <Filter>Source Files</Filter>
    </ClCompile>
    <ClCompile Include="BoxApplication.cpp">
      <Filter>Source Files</Filter>
    </ClCompile>
    <ClCompile Include="GeometryGenerator.cpp">
      <Filter>Source Files</Filter>
    </ClCompile>
    <ClCompile Include="HillApplication.cpp">
      <Filter>Source Files</Filter>
    </ClCompile>
    <ClCompile Include="CylinderApplication.cpp">
      <Filter>Source Files</Filter>
    </ClCompile>
    <ClCompile Include="SphereApplication.cpp">
      <Filter>Source Files</Filter>
    </ClCompile>
    <ClCompile Include="ShapesApplication.cpp">
      <Filter>Source Files</Filter>
    </ClCompile>
    <ClCompile Include="HeartPlaneApplication.cpp">
      <Filter>Source Files</Filter>
    </ClCompile>
    <ClCompile Include="WaveApplication.cpp">
      <Filter>Source Files</Filter>
    </ClCompile>
    <ClCompile Include="Waves.cpp">
      <Filter>Source Files</Filter>
    </ClCompile>
    <ClCompile Include="LitApplication.cpp">
      <Filter>Source Files</Filter>
    </ClCompile>
    <ClCompile Include="Camera.cpp">
      <Filter>Source Files</Filter>
    </ClCompile>
    <ClCompile Include="CrateApplication.cpp">
      <Filter>Source Files</Filter>
    </ClCompile>
    <ClCompile Include="BlendingApplication.cpp">
      <Filter>Source Files</Filter>
    </ClCompile>
    <ClCompile Include="RenderStates.cpp">
      <Filter>Source Files</Filter>
    </ClCompile>
    <ClCompile Include="MirrorApplication.cpp">
      <Filter>Source Files</Filter>
    </ClCompile>
    <ClCompile Include="D3DUtil.cpp">
      <Filter>Source Files</Filter>
    </ClCompile>
    <ClCompile Include="BillboardApplication.cpp">
      <Filter>Source Files</Filter>
    </ClCompile>
    <ClCompile Include="BlurApplication.cpp">
      <Filter>Source Files</Filter>
    </ClCompile>
    <ClCompile Include="BlurFilter.cpp">
      <Filter>Source Files</Filter>
    </ClCompile>
    <ClCompile Include="BezierApplication.cpp">
      <Filter>Source Files</Filter>
    </ClCompile>
    <ClCompile Include="CubeMapApplication.cpp">
      <Filter>Source Files</Filter>
    </ClCompile>
    <ClCompile Include="TessellationApplication.cpp">
      <Filter>Source Files</Filter>
    </ClCompile>
    <ClCompile Include="InstancingAndCullingApplication.cpp">
      <Filter>Source Files</Filter>
    </ClCompile>
    <ClCompile Include="Sky.cpp">
      <Filter>Source Files</Filter>
    </ClCompile>
    <ClCompile Include="PickingApplication.cpp">
      <Filter>Source Files</Filter>
    </ClCompile>
    <ClCompile Include="DynamicCubeMapApplication.cpp">
      <Filter>Source Files</Filter>
    </ClCompile>
    <ClCompile Include="NormalMappingApplication.cpp">
      <Filter>Source Files</Filter>
    </ClCompile>
    <ClCompile Include="Terrain.cpp">
      <Filter>Source Files</Filter>
    </ClCompile>
    <ClCompile Include="TerrainApplication.cpp">
      <Filter>Source Files</Filter>
    </ClCompile>
    <ClCompile Include="BitmapBuilder.cpp">
      <Filter>Source Files</Filter>
    </ClCompile>
    <ClCompile Include="ParticleSystem.cpp">
      <Filter>Source Files</Filter>
    </ClCompile>
    <ClCompile Include="ParticleApplication.cpp">
      <Filter>Source Files</Filter>
    </ClCompile>
    <ClCompile Include="ShadowMap.cpp">
      <Filter>Source Files</Filter>
    </ClCompile>
    <ClCompile Include="ShadowMapApplication.cpp">
      <Filter>Source Files</Filter>
    </ClCompile>
    <ClCompile Include="Mesh.cpp">
      <Filter>Source Files</Filter>
    </ClCompile>
    <ClCompile Include="Model.cpp">
      <Filter>Source Files\ModelLoader</Filter>
    </ClCompile>
    <ClCompile Include="ModelLoaderApplication.cpp">
      <Filter>Source Files</Filter>
    </ClCompile>
    <ClCompile Include="GameObject.cpp">
      <Filter>Source Files</Filter>
    </ClCompile>
    <ClCompile Include="Texture.cpp">
      <Filter>Source Files</Filter>
    </ClCompile>
    <ClCompile Include="ColorHelper.cpp">
      <Filter>Source Files</Filter>
    </ClCompile>
    <ClCompile Include="StringHelper.cpp">
      <Filter>Source Files</Filter>
    </ClCompile>
    <ClCompile Include="AmbientOcclusionApplication.cpp">
      <Filter>Source Files</Filter>
    </ClCompile>
  </ItemGroup>
  <ItemGroup>
    <ResourceCompile Include="DirectX11-DXUT.rc">
      <Filter>Resource Files</Filter>
    </ResourceCompile>
  </ItemGroup>
  <ItemGroup>
    <Image Include="small.ico">
      <Filter>Resource Files</Filter>
    </Image>
    <Image Include="DirectX11-DXUT.ico">
      <Filter>Resource Files</Filter>
    </Image>
    <Image Include="Textures\darkbrick.bmp">
      <Filter>Textures</Filter>
    </Image>
    <Image Include="Textures\darkbrickdxt1.dds">
      <Filter>Textures</Filter>
    </Image>
    <Image Include="Textures\WoodCrate01.dds">
      <Filter>Textures</Filter>
    </Image>
    <Image Include="Textures\WoodCrate02.dds">
      <Filter>Textures</Filter>
    </Image>
    <Image Include="Textures\bricks.dds">
      <Filter>Textures</Filter>
    </Image>
    <Image Include="Textures\checkboard.dds">
      <Filter>Textures</Filter>
    </Image>
    <Image Include="Textures\desertcube1024.dds">
      <Filter>Textures</Filter>
    </Image>
    <Image Include="Textures\floor.dds">
      <Filter>Textures</Filter>
    </Image>
    <Image Include="Textures\grass.dds">
      <Filter>Textures</Filter>
    </Image>
    <Image Include="Textures\grasscube1024.dds">
      <Filter>Textures</Filter>
    </Image>
    <Image Include="Textures\ice.dds">
      <Filter>Textures</Filter>
    </Image>
    <Image Include="Textures\snowcube1024.dds">
      <Filter>Textures</Filter>
    </Image>
    <Image Include="Textures\stone.dds">
      <Filter>Textures</Filter>
    </Image>
    <Image Include="Textures\sunsetcube1024.dds">
      <Filter>Textures</Filter>
    </Image>
    <Image Include="Textures\tree0.dds">
      <Filter>Textures</Filter>
    </Image>
    <Image Include="Textures\tree1.dds">
      <Filter>Textures</Filter>
    </Image>
    <Image Include="Textures\tree2.dds">
      <Filter>Textures</Filter>
    </Image>
    <Image Include="Textures\tree3.dds">
      <Filter>Textures</Filter>
    </Image>
    <Image Include="Textures\water1.dds">
      <Filter>Textures</Filter>
    </Image>
    <Image Include="Textures\water2.dds">
      <Filter>Textures</Filter>
    </Image>
    <Image Include="Textures\WireFence.dds">
      <Filter>Textures</Filter>
    </Image>
    <Image Include="Textures\brick01.dds">
      <Filter>Textures</Filter>
    </Image>
  </ItemGroup>
  <ItemGroup>
    <None Include="color.fxh">
      <Filter>FX</Filter>
    </None>
    <None Include="packages.config" />
    <None Include="heart.fxh">
      <Filter>FX</Filter>
    </None>
    <None Include="Lighting.fxh">
      <Filter>FX</Filter>
    </None>
    <None Include="normal.fxh">
      <Filter>FX</Filter>
    </None>
    <None Include="Texture.fxh">
      <Filter>FX</Filter>
    </None>
    <None Include="Wave.fxh">
      <Filter>FX</Filter>
    </None>
    <None Include="Blending.fxh">
      <Filter>FX</Filter>
    </None>
    <None Include="Stencil.fxh">
      <Filter>FX</Filter>
    </None>
    <None Include="TreeSprite.fxh">
      <Filter>FX</Filter>
    </None>
    <None Include="Blur.fxh">
      <Filter>FX</Filter>
    </None>
    <None Include="Tessellation.fxh">
      <Filter>FX</Filter>
    </None>
    <None Include="Instancing.fxh">
      <Filter>FX</Filter>
    </None>
    <None Include="DirLight.fxh">
      <Filter>FX</Filter>
    </None>
    <None Include="DirLightTex.fxh">
      <Filter>FX</Filter>
    </None>
    <None Include="Sky.fxh">
      <Filter>FX</Filter>
    </None>
    <None Include="NormalMap.fxh">
      <Filter>FX</Filter>
    </None>
    <None Include="DisplacementNormalMapping.fxh">
      <Filter>FX</Filter>
    </None>
    <None Include="Terrain.fxh">
      <Filter>FX</Filter>
    </None>
    <None Include="StreamOutParticle.fxh">
      <Filter>FX</Filter>
    </None>
    <None Include="FireParticle.fxh">
      <Filter>FX</Filter>
    </None>
    <None Include="RainStreamOutParticle.fxh">
      <Filter>FX</Filter>
    </None>
    <None Include="RainParticle.fxh">
      <Filter>FX</Filter>
    </None>
    <None Include="BuildShadowMap.fxh">
      <Filter>FX</Filter>
    </None>
    <None Include="NanoSuitSimpleLit.fxh">
      <Filter>FX</Filter>
    </None>
  </ItemGroup>
  <ItemGroup>
    <Text Include="LightingHelper.fxh">
      <Filter>FX</Filter>
    </Text>
    <Text Include="ScreenQuad.fxh">
      <Filter>FX</Filter>
    </Text>
    <Text Include="BezierTessellation.fxh">
      <Filter>FX</Filter>
    </Text>
    <Text Include="BasicShadowMapping.fxh">
      <Filter>FX</Filter>
    </Text>
  </ItemGroup>
</Project>